# This file is autogenerated, do not edit; changes may be undone by the next 'dep ensure'.


[[projects]]
  name = "github.com/mattn/go-sqlite3"
  packages = ["."]
  revision = "25ecb14adfc7543176f7d85291ec7dba82c6f7e4"
  version = "v1.9.0"

[solve-meta]
  analyzer-name = "dep"
  analyzer-version = 1
  inputs-digest = "04b9d76a1c16b1d60decbd21f8d02d932b07599a6a0ef0514f03b2813a435e69"
  solver-name = "gps-cdcl"
  solver-version = 1
